<?xml version="1.0" encoding="utf-8"?>
<Project ToolsVersion="4.0" xmlns="http://schemas.microsoft.com/developer/msbuild/2003">
  <ItemGroup>
    <Filter Include="Source Files">
      <UniqueIdentifier>{4FC737F1-C7A5-4376-A066-2A32D752A2FF}</UniqueIdentifier>
      <Extensions>cpp;c;cc;cxx;def;odl;idl;hpj;bat;asm;asmx</Extensions>
    </Filter>
    <Filter Include="Header Files">
      <UniqueIdentifier>{93995380-89BD-4b04-88EB-625FBE52EBFB}</UniqueIdentifier>
      <Extensions>h;hpp;hxx;hm;inl;inc;xsd</Extensions>
    </Filter>
    <Filter Include="Resource Files">
      <UniqueIdentifier>{67DA6AB6-F800-4c08-8B7A-83BB121AAD01}</UniqueIdentifier>
      <Extensions>rc;ico;cur;bmp;dlg;rc2;rct;bin;rgs;gif;jpg;jpeg;jpe;resx;tiff;tif;png;wav</Extensions>
    </Filter>
  </ItemGroup>
  <ItemGroup>
    <ClCompile Include="array.c">
      <Filter>Source Files</Filter>
    </ClCompile>
    <ClCompile Include="buffer.c">
      <Filter>Source Files</Filter>
    </ClCompile>
    <ClCompile Include="libutf.c">
      <Filter>Source Files</Filter>
    </ClCompile>
    <ClCompile Include="main.c">
      <Filter>Source Files</Filter>
    </ClCompile>
    <ClCompile Include="map.c">
      <Filter>Source Files</Filter>
    </ClCompile>
    <ClCompile Include="register.c">
      <Filter>Source Files</Filter>
    </ClCompile>
    <ClCompile Include="ring-buffer.c">
      <Filter>Source Files</Filter>
    </ClCompile>
    <ClCompile Include="sam.c">
      <Filter>Source Files</Filter>
    </ClCompile>
    <ClCompile Include="text-motions.c">
      <Filter>Source Files</Filter>
    </ClCompile>
    <ClCompile Include="text-objects.c">
      <Filter>Source Files</Filter>
    </ClCompile>
    <ClCompile Include="text-regex.c">
      <Filter>Source Files</Filter>
    </ClCompile>
    <ClCompile Include="text-util.c">
      <Filter>Source Files</Filter>
    </ClCompile>
    <ClCompile Include="text.c">
      <Filter>Source Files</Filter>
    </ClCompile>
    <ClCompile Include="ui-curses.c">
      <Filter>Source Files</Filter>
    </ClCompile>
    <ClCompile Include="view.c">
      <Filter>Source Files</Filter>
    </ClCompile>
    <ClCompile Include="vis-cmds.c">
      <Filter>Source Files</Filter>
    </ClCompile>
    <ClCompile Include="vis-lua.c">
      <Filter>Source Files</Filter>
    </ClCompile>
    <ClCompile Include="vis-modes.c">
      <Filter>Source Files</Filter>
    </ClCompile>
    <ClCompile Include="vis-motions.c">
      <Filter>Source Files</Filter>
    </ClCompile>
    <ClCompile Include="vis-operators.c">
      <Filter>Source Files</Filter>
    </ClCompile>
    <ClCompile Include="vis-prompt.c">
      <Filter>Source Files</Filter>
    </ClCompile>
    <ClCompile Include="vis-text-objects.c">
      <Filter>Source Files</Filter>
    </ClCompile>
    <ClCompile Include="vis.c">
      <Filter>Source Files</Filter>
    </ClCompile>
    <ClCompile Include="getopt.c">
      <Filter>Source Files</Filter>
    </ClCompile>
  </ItemGroup>
  <ItemGroup>
    <ClInclude Include="array.h">
      <Filter>Header Files</Filter>
    </ClInclude>
    <ClInclude Include="buffer.h">
      <Filter>Header Files</Filter>
    </ClInclude>
    <ClInclude Include="config.def.h">
      <Filter>Header Files</Filter>
    </ClInclude>
    <ClInclude Include="libutf.h">
      <Filter>Header Files</Filter>
    </ClInclude>
    <ClInclude Include="map.h">
      <Filter>Header Files</Filter>
    </ClInclude>
    <ClInclude Include="register.h">
      <Filter>Header Files</Filter>
    </ClInclude>
    <ClInclude Include="ring-buffer.h">
      <Filter>Header Files</Filter>
    </ClInclude>
    <ClInclude Include="sam.h">
      <Filter>Header Files</Filter>
    </ClInclude>
    <ClInclude Include="text-motions.h">
      <Filter>Header Files</Filter>
    </ClInclude>
    <ClInclude Include="text-objects.h">
      <Filter>Header Files</Filter>
    </ClInclude>
    <ClInclude Include="text-regex.h">
      <Filter>Header Files</Filter>
    </ClInclude>
    <ClInclude Include="text-util.h">
      <Filter>Header Files</Filter>
    </ClInclude>
    <ClInclude Include="text.h">
      <Filter>Header Files</Filter>
    </ClInclude>
    <ClInclude Include="ui-curses.h">
      <Filter>Header Files</Filter>
    </ClInclude>
    <ClInclude Include="ui.h">
      <Filter>Header Files</Filter>
    </ClInclude>
    <ClInclude Include="util.h">
      <Filter>Header Files</Filter>
    </ClInclude>
    <ClInclude Include="view.h">
      <Filter>Header Files</Filter>
    </ClInclude>
    <ClInclude Include="vis-core.h">
      <Filter>Header Files</Filter>
    </ClInclude>
    <ClInclude Include="vis-lua.h">
      <Filter>Header Files</Filter>
    </ClInclude>
    <ClInclude Include="vis.h">
      <Filter>Header Files</Filter>
    </ClInclude>
    <ClInclude Include="unistd.h">
      <Filter>Header Files</Filter>
    </ClInclude>
    <ClInclude Include="getopt.h">
      <Filter>Header Files</Filter>
    </ClInclude>
    <ClInclude Include="stdbool.h">
      <Filter>Header Files</Filter>
    </ClInclude>
    <ClInclude Include="wcwidth.h">
      <Filter>Header Files</Filter>
    </ClInclude>
    <ClInclude Include="inttypes.h">
      <Filter>Header Files</Filter>
    </ClInclude>
  </ItemGroup>
</Project>